PODS:
  - MYPodLib1 (0.1.0):
    - MYPodLib1/MYLib (= 0.1.0)
  - MYPodLib1/MYLib (0.1.0):
    - MYPodLib1/MYLib/MYLibNew (= 0.1.0)
  - MYPodLib1/MYLib/MYLibNew (0.1.0)

DEPENDENCIES:
  - MYPodLib1 (from `../`)

EXTERNAL SOURCES:
  MYPodLib1:
    :path: "../"

SPEC CHECKSUMS:
  MYPodLib1: 359a5426cbdd53c86782403114daf86b1a4fca0f

PODFILE CHECKSUM: 9d8d4c3141cd28801085e6502cb781191c34f2fa

COCOAPODS: 1.12.0
